
Microsoft Visual Studio Solution File, Format Version 12.00
# Visual Studio Version 16
VisualStudioVersion = 16.6.30114.105
MinimumVisualStudioVersion = 10.0.40219.1
Project("{2150E333-8FDC-42A3-9474-1A3956D46DE8}") = "src", "src", "{26FDC3EF-B399-49A6-A603-E9E352966069}"
EndProject
Project("{FAE04EC0-301F-11D3-BF4B-00C04F79EFBC}") = "CommandAPI", "src\CommandAPI\CommandAPI.csproj", "{DFACCECC-38CD-4B23-82D6-5268F5767C97}"
EndProject
Project("{2150E333-8FDC-42A3-9474-1A3956D46DE8}") = "test", "test", "{A77AE8CD-E231-475B-A640-9E6202DE8A7F}"
EndProject
Project("{FAE04EC0-301F-11D3-BF4B-00C04F79EFBC}") = "CommandAPI.Tests", "test\CommandAPI.Tests\CommandAPI.Tests.csproj", "{0574D9E8-1470-4520-A649-37724EBD0813}"
EndProject
Global
	GlobalSection(SolutionConfigurationPlatforms) = preSolution
		Debug|Any CPU = Debug|Any CPU
		Debug|x64 = Debug|x64
		Debug|x86 = Debug|x86
		Release|Any CPU = Release|Any CPU
		Release|x64 = Release|x64
		Release|x86 = Release|x86
	EndGlobalSection
	GlobalSection(SolutionProperties) = preSolution
		HideSolutionNode = FALSE
	EndGlobalSection
	GlobalSection(ProjectConfigurationPlatforms) = postSolution
		{DFACCECC-38CD-4B23-82D6-5268F5767C97}.Debug|Any CPU.ActiveCfg = Debug|Any CPU
		{DFACCECC-38CD-4B23-82D6-5268F5767C97}.Debug|Any CPU.Build.0 = Debug|Any CPU
		{DFACCECC-38CD-4B23-82D6-5268F5767C97}.Debug|x64.ActiveCfg = Debug|Any CPU
		{DFACCECC-38CD-4B23-82D6-5268F5767C97}.Debug|x64.Build.0 = Debug|Any CPU
		{DFACCECC-38CD-4B23-82D6-5268F5767C97}.Debug|x86.ActiveCfg = Debug|Any CPU
		{DFACCECC-38CD-4B23-82D6-5268F5767C97}.Debug|x86.Build.0 = Debug|Any CPU
		{DFACCECC-38CD-4B23-82D6-5268F5767C97}.Release|Any CPU.ActiveCfg = Release|Any CPU
		{DFACCECC-38CD-4B23-82D6-5268F5767C97}.Release|Any CPU.Build.0 = Release|Any CPU
		{DFACCECC-38CD-4B23-82D6-5268F5767C97}.Release|x64.ActiveCfg = Release|Any CPU
		{DFACCECC-38CD-4B23-82D6-5268F5767C97}.Release|x64.Build.0 = Release|Any CPU
		{DFACCECC-38CD-4B23-82D6-5268F5767C97}.Release|x86.ActiveCfg = Release|Any CPU
		{DFACCECC-38CD-4B23-82D6-5268F5767C97}.Release|x86.Build.0 = Release|Any CPU
		{0574D9E8-1470-4520-A649-37724EBD0813}.Debug|Any CPU.ActiveCfg = Debug|Any CPU
		{0574D9E8-1470-4520-A649-37724EBD0813}.Debug|Any CPU.Build.0 = Debug|Any CPU
		{0574D9E8-1470-4520-A649-37724EBD0813}.Debug|x64.ActiveCfg = Debug|Any CPU
		{0574D9E8-1470-4520-A649-37724EBD0813}.Debug|x64.Build.0 = Debug|Any CPU
		{0574D9E8-1470-4520-A649-37724EBD0813}.Debug|x86.ActiveCfg = Debug|Any CPU
		{0574D9E8-1470-4520-A649-37724EBD0813}.Debug|x86.Build.0 = Debug|Any CPU
		{0574D9E8-1470-4520-A649-37724EBD0813}.Release|Any CPU.ActiveCfg = Release|Any CPU
		{0574D9E8-1470-4520-A649-37724EBD0813}.Release|Any CPU.Build.0 = Release|Any CPU
		{0574D9E8-1470-4520-A649-37724EBD0813}.Release|x64.ActiveCfg = Release|Any CPU
		{0574D9E8-1470-4520-A649-37724EBD0813}.Release|x64.Build.0 = Release|Any CPU
		{0574D9E8-1470-4520-A649-37724EBD0813}.Release|x86.ActiveCfg = Release|Any CPU
		{0574D9E8-1470-4520-A649-37724EBD0813}.Release|x86.Build.0 = Release|Any CPU
	EndGlobalSection
	GlobalSection(NestedProjects) = preSolution
		{DFACCECC-38CD-4B23-82D6-5268F5767C97} = {26FDC3EF-B399-49A6-A603-E9E352966069}
		{0574D9E8-1470-4520-A649-37724EBD0813} = {A77AE8CD-E231-475B-A640-9E6202DE8A7F}
	EndGlobalSection
EndGlobal
